{
  "name": "echo-engine-client",
  "version": "1.0.0",
  "lockfileVersion": 3,
  "requires": true,
  "packages": {
    "": {
      "name": "echo-engine-client",
      "version": "1.0.0",
      "dependencies": {
        "@opencode-ai/sdk": "latest",
        "undici": "^7.24.5"
      }
    },
    "node_modules/@opencode-ai/sdk": {
      "version": "1.2.27",
      "resolved": "https://registry.npmjs.org/@opencode-ai/sdk/-/sdk-1.2.27.tgz",
      "integrity": "sha512-Wk0o/I+Fo+wE3zgvlJDs8Fb67KlKqX0PrV8dK5adSDkANq6r4Z25zXJg2iOir+a8ntg3rAcpel1OY4FV/TwRUA==",
      "license": "MIT"
    },
    "node_modules/undici": {
      "version": "7.24.5",
      "resolved": "https://registry.npmjs.org/undici/-/undici-7.24.5.tgz",
      "integrity": "sha512-3IWdCpjgxp15CbJnsi/Y9TCDE7HWVN19j1hmzVhoAkY/+CJx449tVxT5wZc1Gwg8J+P0LWvzlBzxYRnHJ+1i7Q==",
      "license": "MIT",
      "engines": {
        "node": ">=20.18.1"
      }
    }
  }
}
