{
  "name": "echo-agentic-engine",
  "lockfileVersion": 3,
  "requires": true,
  "packages": {
    "": {
      "dependencies": {
        "@opencode-ai/sdk": "^1.2.27"
      }
    },
    "node_modules/@opencode-ai/sdk": {
      "version": "1.2.27",
      "resolved": "https://registry.npmjs.org/@opencode-ai/sdk/-/sdk-1.2.27.tgz",
      "integrity": "sha512-Wk0o/I+Fo+wE3zgvlJDs8Fb67KlKqX0PrV8dK5adSDkANq6r4Z25zXJg2iOir+a8ntg3rAcpel1OY4FV/TwRUA==",
      "license": "MIT"
    }
  }
}
